
Microsoft Visual Studio Solution File, Format Version 12.00
# Visual Studio 15
VisualStudioVersion = 15.0.28307.902
MinimumVisualStudioVersion = 10.0.40219.1
Project("{9A19103F-16F7-4668-BE54-9A1E7A4F7556}") = "DataAccess", "DataAccess\DataAccess.csproj", "{EF87909F-4C31-42E7-85A6-62AADF27C9C5}"
EndProject
Project("{9A19103F-16F7-4668-BE54-9A1E7A4F7556}") = "Core", "Core\Core.csproj", "{F3D948D1-6002-45A6-8629-D2C57F747DA6}"
EndProject
Project("{9A19103F-16F7-4668-BE54-9A1E7A4F7556}") = "Business", "Business\Business.csproj", "{CE926164-91BF-4598-A4FA-ACBB18B9C75E}"
EndProject
Project("{9A19103F-16F7-4668-BE54-9A1E7A4F7556}") = "Entities", "Entities\Entities.csproj", "{50123FAE-43C4-4937-A775-2EE9E9A9749B}"
EndProject
Project("{9A19103F-16F7-4668-BE54-9A1E7A4F7556}") = "WebAPI", "WebAPI\WebAPI.csproj", "{979FE742-AD31-439C-A974-EEB4F17C0F68}"
EndProject
Project("{FAE04EC0-301F-11D3-BF4B-00C04F79EFBC}") = "MvcWebUI", "MvcWebUI\MvcWebUI.csproj", "{38660FE8-AF00-4DF5-9706-4BF93421812F}"
EndProject
Project("{9A19103F-16F7-4668-BE54-9A1E7A4F7556}") = "MvcWeb", "MvcWeb\MvcWeb.csproj", "{DB32AD31-62E6-4D57-ACDB-22E483DA6569}"
EndProject
Global
	GlobalSection(SolutionConfigurationPlatforms) = preSolution
		Debug|Any CPU = Debug|Any CPU
		Release|Any CPU = Release|Any CPU
	EndGlobalSection
	GlobalSection(ProjectConfigurationPlatforms) = postSolution
		{EF87909F-4C31-42E7-85A6-62AADF27C9C5}.Debug|Any CPU.ActiveCfg = Debug|Any CPU
		{EF87909F-4C31-42E7-85A6-62AADF27C9C5}.Debug|Any CPU.Build.0 = Debug|Any CPU
		{EF87909F-4C31-42E7-85A6-62AADF27C9C5}.Release|Any CPU.ActiveCfg = Release|Any CPU
		{EF87909F-4C31-42E7-85A6-62AADF27C9C5}.Release|Any CPU.Build.0 = Release|Any CPU
		{F3D948D1-6002-45A6-8629-D2C57F747DA6}.Debug|Any CPU.ActiveCfg = Debug|Any CPU
		{F3D948D1-6002-45A6-8629-D2C57F747DA6}.Debug|Any CPU.Build.0 = Debug|Any CPU
		{F3D948D1-6002-45A6-8629-D2C57F747DA6}.Release|Any CPU.ActiveCfg = Release|Any CPU
		{F3D948D1-6002-45A6-8629-D2C57F747DA6}.Release|Any CPU.Build.0 = Release|Any CPU
		{CE926164-91BF-4598-A4FA-ACBB18B9C75E}.Debug|Any CPU.ActiveCfg = Debug|Any CPU
		{CE926164-91BF-4598-A4FA-ACBB18B9C75E}.Debug|Any CPU.Build.0 = Debug|Any CPU
		{CE926164-91BF-4598-A4FA-ACBB18B9C75E}.Release|Any CPU.ActiveCfg = Release|Any CPU
		{CE926164-91BF-4598-A4FA-ACBB18B9C75E}.Release|Any CPU.Build.0 = Release|Any CPU
		{50123FAE-43C4-4937-A775-2EE9E9A9749B}.Debug|Any CPU.ActiveCfg = Debug|Any CPU
		{50123FAE-43C4-4937-A775-2EE9E9A9749B}.Debug|Any CPU.Build.0 = Debug|Any CPU
		{50123FAE-43C4-4937-A775-2EE9E9A9749B}.Release|Any CPU.ActiveCfg = Release|Any CPU
		{50123FAE-43C4-4937-A775-2EE9E9A9749B}.Release|Any CPU.Build.0 = Release|Any CPU
		{979FE742-AD31-439C-A974-EEB4F17C0F68}.Debug|Any CPU.ActiveCfg = Debug|Any CPU
		{979FE742-AD31-439C-A974-EEB4F17C0F68}.Debug|Any CPU.Build.0 = Debug|Any CPU
		{979FE742-AD31-439C-A974-EEB4F17C0F68}.Release|Any CPU.ActiveCfg = Release|Any CPU
		{979FE742-AD31-439C-A974-EEB4F17C0F68}.Release|Any CPU.Build.0 = Release|Any CPU
		{38660FE8-AF00-4DF5-9706-4BF93421812F}.Debug|Any CPU.ActiveCfg = Debug|Any CPU
		{38660FE8-AF00-4DF5-9706-4BF93421812F}.Debug|Any CPU.Build.0 = Debug|Any CPU
		{38660FE8-AF00-4DF5-9706-4BF93421812F}.Release|Any CPU.ActiveCfg = Release|Any CPU
		{38660FE8-AF00-4DF5-9706-4BF93421812F}.Release|Any CPU.Build.0 = Release|Any CPU
		{DB32AD31-62E6-4D57-ACDB-22E483DA6569}.Debug|Any CPU.ActiveCfg = Debug|Any CPU
		{DB32AD31-62E6-4D57-ACDB-22E483DA6569}.Debug|Any CPU.Build.0 = Debug|Any CPU
		{DB32AD31-62E6-4D57-ACDB-22E483DA6569}.Release|Any CPU.ActiveCfg = Release|Any CPU
		{DB32AD31-62E6-4D57-ACDB-22E483DA6569}.Release|Any CPU.Build.0 = Release|Any CPU
	EndGlobalSection
	GlobalSection(SolutionProperties) = preSolution
		HideSolutionNode = FALSE
	EndGlobalSection
	GlobalSection(ExtensibilityGlobals) = postSolution
		SolutionGuid = {D5B6FF5C-A2D4-4BF4-A041-48EDC4EC1CD1}
	EndGlobalSection
EndGlobal
